
Microsoft Visual Studio Solution File, Format Version 12.00
# Visual Studio Version 16
VisualStudioVersion = 16.0.29613.14
MinimumVisualStudioVersion = 10.0.40219.1
Project("{9A19103F-16F7-4668-BE54-9A1E7A4F7556}") = "junto_test_api.Api", "junto_test_api.Api\junto_test_api.Api.csproj", "{A0FA931F-080F-41F5-8D63-AA32B29AA8A2}"
EndProject
Project("{9A19103F-16F7-4668-BE54-9A1E7A4F7556}") = "junto_test_api.Domain", "junto_test_api.Domain\junto_test_api.Domain.csproj", "{39CAEAAB-2027-4418-AB9E-48B0B372C71E}"
EndProject
Project("{9A19103F-16F7-4668-BE54-9A1E7A4F7556}") = "junto_test_api.Entity", "junto_test_api.Entity\junto_test_api.Entity.csproj", "{19015557-6424-4FAB-ACF8-B970FC69E384}"
EndProject
Global
	GlobalSection(SolutionConfigurationPlatforms) = preSolution
		Debug|Any CPU = Debug|Any CPU
		Release|Any CPU = Release|Any CPU
	EndGlobalSection
	GlobalSection(ProjectConfigurationPlatforms) = postSolution
		{A0FA931F-080F-41F5-8D63-AA32B29AA8A2}.Debug|Any CPU.ActiveCfg = Debug|Any CPU
		{A0FA931F-080F-41F5-8D63-AA32B29AA8A2}.Debug|Any CPU.Build.0 = Debug|Any CPU
		{A0FA931F-080F-41F5-8D63-AA32B29AA8A2}.Release|Any CPU.ActiveCfg = Release|Any CPU
		{A0FA931F-080F-41F5-8D63-AA32B29AA8A2}.Release|Any CPU.Build.0 = Release|Any CPU
		{39CAEAAB-2027-4418-AB9E-48B0B372C71E}.Debug|Any CPU.ActiveCfg = Debug|Any CPU
		{39CAEAAB-2027-4418-AB9E-48B0B372C71E}.Debug|Any CPU.Build.0 = Debug|Any CPU
		{39CAEAAB-2027-4418-AB9E-48B0B372C71E}.Release|Any CPU.ActiveCfg = Release|Any CPU
		{39CAEAAB-2027-4418-AB9E-48B0B372C71E}.Release|Any CPU.Build.0 = Release|Any CPU
		{19015557-6424-4FAB-ACF8-B970FC69E384}.Debug|Any CPU.ActiveCfg = Debug|Any CPU
		{19015557-6424-4FAB-ACF8-B970FC69E384}.Debug|Any CPU.Build.0 = Debug|Any CPU
		{19015557-6424-4FAB-ACF8-B970FC69E384}.Release|Any CPU.ActiveCfg = Release|Any CPU
		{19015557-6424-4FAB-ACF8-B970FC69E384}.Release|Any CPU.Build.0 = Release|Any CPU
	EndGlobalSection
	GlobalSection(SolutionProperties) = preSolution
		HideSolutionNode = FALSE
	EndGlobalSection
	GlobalSection(ExtensibilityGlobals) = postSolution
		SolutionGuid = {6071AB50-1BB0-49D6-8964-8B4C25A925F4}
	EndGlobalSection
EndGlobal
